
Microsoft Visual Studio Solution File, Format Version 12.00
# Visual Studio Version 17
VisualStudioVersion = 17.4.33205.214
MinimumVisualStudioVersion = 10.0.40219.1
Project("{FAE04EC0-301F-11D3-BF4B-00C04F79EFBC}") = "homework_06_parnianrafie", "homework_06_parnianrafie\homework_06_parnianrafie.csproj", "{4732A988-684B-4011-9EA5-012EFDDDD837}"
EndProject
Global
	GlobalSection(SolutionConfigurationPlatforms) = preSolution
		Debug|Any CPU = Debug|Any CPU
		Release|Any CPU = Release|Any CPU
	EndGlobalSection
	GlobalSection(ProjectConfigurationPlatforms) = postSolution
		{4732A988-684B-4011-9EA5-012EFDDDD837}.Debug|Any CPU.ActiveCfg = Debug|Any CPU
		{4732A988-684B-4011-9EA5-012EFDDDD837}.Debug|Any CPU.Build.0 = Debug|Any CPU
		{4732A988-684B-4011-9EA5-012EFDDDD837}.Release|Any CPU.ActiveCfg = Release|Any CPU
		{4732A988-684B-4011-9EA5-012EFDDDD837}.Release|Any CPU.Build.0 = Release|Any CPU
	EndGlobalSection
	GlobalSection(SolutionProperties) = preSolution
		HideSolutionNode = FALSE
	EndGlobalSection
	GlobalSection(ExtensibilityGlobals) = postSolution
		SolutionGuid = {64F92E89-337C-41EB-A017-B5D3C578910E}
	EndGlobalSection
EndGlobal
